
Microsoft Visual Studio Solution File, Format Version 12.00
# Visual Studio 15
VisualStudioVersion = 15.0.26430.16
MinimumVisualStudioVersion = 10.0.40219.1
Project("{FAE04EC0-301F-11D3-BF4B-00C04F79EFBC}") = "Draw Square", "Draw Square\Draw Square.csproj", "{BBC4C079-4ED4-4216-9918-BA6B0EC6C639}"
EndProject
Project("{FAE04EC0-301F-11D3-BF4B-00C04F79EFBC}") = "Ladybugs", "Basic\Ladybugs.csproj", "{7EE056AA-3CA5-4C0B-AFA3-9A50965ABF6D}"
EndProject
Project("{FAE04EC0-301F-11D3-BF4B-00C04F79EFBC}") = "CurrencyConverter", "CurrencyConverter\CurrencyConverter.csproj", "{7457876D-532F-4ADE-9883-F16215D680A7}"
EndProject
Project("{FAE04EC0-301F-11D3-BF4B-00C04F79EFBC}") = "TimeSpan", "TimeSpan\TimeSpan.csproj", "{6E60F9DB-AF32-4AB8-97E2-BA980F60E4AA}"
EndProject
Project("{FAE04EC0-301F-11D3-BF4B-00C04F79EFBC}") = "num to word", "Collection check\num to word.csproj", "{AEA9360B-F298-4337-8C88-7B742499C8BE}"
EndProject
Project("{FAE04EC0-301F-11D3-BF4B-00C04F79EFBC}") = "Bonus conditions", "Bonus conditions\Bonus conditions.csproj", "{DF6A9535-2E44-45C9-AA3B-7EBCFC01B4B5}"
EndProject
Project("{FAE04EC0-301F-11D3-BF4B-00C04F79EFBC}") = "LengthConvertor", "LengthConvertor\LengthConvertor.csproj", "{5992D8B1-FE98-4B57-8E60-3ACE304E9D00}"
EndProject
Project("{FAE04EC0-301F-11D3-BF4B-00C04F79EFBC}") = "TEST", "TEST\TEST.csproj", "{17371CDA-2413-4C7E-95CE-2A9E6B2D119E}"
EndProject
Project("{FAE04EC0-301F-11D3-BF4B-00C04F79EFBC}") = "CurencyConvertorShort", "CurencyConvertorShort\CurencyConvertorShort.csproj", "{7B1E06C0-C2BB-47A0-88C5-82DC999261DC}"
EndProject
Project("{FAE04EC0-301F-11D3-BF4B-00C04F79EFBC}") = "MetricConverter", "MetricConverter\MetricConverter.csproj", "{852BA385-A769-4346-B81A-3F9AF5B8DF24}"
EndProject
Project("{FAE04EC0-301F-11D3-BF4B-00C04F79EFBC}") = "DrawSquare", "Draw Square1\DrawSquare.csproj", "{109639B1-6F25-47F0-9F61-136A1205FC7A}"
EndProject
Project("{FAE04EC0-301F-11D3-BF4B-00C04F79EFBC}") = "AddDays", "ConsoleApp1\AddDays.csproj", "{23520FD0-E6F1-4C3A-AE72-49A659649611}"
EndProject
Project("{2150E333-8FDC-42A3-9474-1A3956D46DE8}") = "Exam - 23 July 2017", "Exam - 23 July 2017", "{190D030D-691C-49F4-8761-2C76D36884F5}"
EndProject
Project("{FAE04EC0-301F-11D3-BF4B-00C04F79EFBC}") = "2.Horeography", "2.Horeography\2.Horeography.csproj", "{BCF92E08-F8FC-4D6E-A63F-189456CA5CB5}"
EndProject
Project("{FAE04EC0-301F-11D3-BF4B-00C04F79EFBC}") = "3.Final Competition", "3.Final Competition\3.Final Competition.csproj", "{41858C11-206F-4961-91DB-6ECF900CA920}"
EndProject
Project("{FAE04EC0-301F-11D3-BF4B-00C04F79EFBC}") = "4.Energy Loss", "4.Energy Loss\4.Energy Loss.csproj", "{5C6DC027-37CA-480C-9865-1C5EDFBA64F1}"
EndProject
Project("{FAE04EC0-301F-11D3-BF4B-00C04F79EFBC}") = "5.Cup", "5.Cup\5.Cup.csproj", "{667BF923-B47B-4637-BDBA-4BDB3CA89057}"
EndProject
Project("{FAE04EC0-301F-11D3-BF4B-00C04F79EFBC}") = "6.forforforforforcounter", "6.forforforforforcounter\6.forforforforforcounter.csproj", "{A0EA4A86-ACBD-4468-B9CF-1F53AACF12A0}"
EndProject
Project("{2150E333-8FDC-42A3-9474-1A3956D46DE8}") = "Exam - 25 June 2017", "Exam - 25 June 2017", "{901E8373-DF72-4CB2-BBFF-7DA97FA3CBC8}"
EndProject
Project("{FAE04EC0-301F-11D3-BF4B-00C04F79EFBC}") = "4. MoneyPrice", "4. MoneyPrice\4. MoneyPrice.csproj", "{A5CB0184-B9B0-47BE-9198-12CCC91E1765}"
EndProject
Project("{FAE04EC0-301F-11D3-BF4B-00C04F79EFBC}") = "6. Sum or Product", "6. Sum or Product\6. Sum or Product.csproj", "{B823F31A-634E-4480-9078-37F34720964F}"
EndProject
Project("{FAE04EC0-301F-11D3-BF4B-00C04F79EFBC}") = "3. Cocktails IFELSE", "3. Cocktails IFELSE\3. Cocktails IFELSE.csproj", "{1C495334-DF99-4D46-9E30-952BED4E8E28}"
EndProject
Project("{2150E333-8FDC-42A3-9474-1A3956D46DE8}") = "Exam - 3 Sep 2017", "Exam - 3 Sep 2017", "{5193E0E9-A008-4B4E-80F0-34026698BEA9}"
EndProject
Project("{FAE04EC0-301F-11D3-BF4B-00C04F79EFBC}") = "1. SewingFacility", "1. SewingFacility\1. SewingFacility.csproj", "{752A9636-16E6-40FD-8954-656BEA42EE5C}"
EndProject
Project("{FAE04EC0-301F-11D3-BF4B-00C04F79EFBC}") = "2. Scholarship", "2. Scholarship\2. Scholarship.csproj", "{9C709CAE-DC9B-4CEC-B389-1BB1B6128F2B}"
EndProject
Project("{FAE04EC0-301F-11D3-BF4B-00C04F79EFBC}") = "3. Photo Pictures", "3. Photo Pictures\3. Photo Pictures.csproj", "{8FF8024A-F91C-4FBD-A4EF-BC69F8848F4A}"
EndProject
Project("{FAE04EC0-301F-11D3-BF4B-00C04F79EFBC}") = "4. Cake", "4. Cake\4. Cake.csproj", "{34BF1906-7EB9-444B-BD62-C861E414EAD9}"
EndProject
Project("{FAE04EC0-301F-11D3-BF4B-00C04F79EFBC}") = "5. Snowflake", "5. Snowflake\5. Snowflake.csproj", "{47925568-5E87-43A8-B58E-C8A592A81A5D}"
EndProject
Project("{FAE04EC0-301F-11D3-BF4B-00C04F79EFBC}") = "6. Profit", "6. Profit\6. Profit.csproj", "{10947EC4-C4ED-427B-968A-63DB55A4EB60}"
EndProject
Global
	GlobalSection(SolutionConfigurationPlatforms) = preSolution
		Debug|Any CPU = Debug|Any CPU
		Release|Any CPU = Release|Any CPU
	EndGlobalSection
	GlobalSection(ProjectConfigurationPlatforms) = postSolution
		{BBC4C079-4ED4-4216-9918-BA6B0EC6C639}.Debug|Any CPU.ActiveCfg = Debug|Any CPU
		{BBC4C079-4ED4-4216-9918-BA6B0EC6C639}.Debug|Any CPU.Build.0 = Debug|Any CPU
		{BBC4C079-4ED4-4216-9918-BA6B0EC6C639}.Release|Any CPU.ActiveCfg = Release|Any CPU
		{BBC4C079-4ED4-4216-9918-BA6B0EC6C639}.Release|Any CPU.Build.0 = Release|Any CPU
		{7EE056AA-3CA5-4C0B-AFA3-9A50965ABF6D}.Debug|Any CPU.ActiveCfg = Debug|Any CPU
		{7EE056AA-3CA5-4C0B-AFA3-9A50965ABF6D}.Debug|Any CPU.Build.0 = Debug|Any CPU
		{7EE056AA-3CA5-4C0B-AFA3-9A50965ABF6D}.Release|Any CPU.ActiveCfg = Release|Any CPU
		{7EE056AA-3CA5-4C0B-AFA3-9A50965ABF6D}.Release|Any CPU.Build.0 = Release|Any CPU
		{7457876D-532F-4ADE-9883-F16215D680A7}.Debug|Any CPU.ActiveCfg = Debug|Any CPU
		{7457876D-532F-4ADE-9883-F16215D680A7}.Debug|Any CPU.Build.0 = Debug|Any CPU
		{7457876D-532F-4ADE-9883-F16215D680A7}.Release|Any CPU.ActiveCfg = Release|Any CPU
		{7457876D-532F-4ADE-9883-F16215D680A7}.Release|Any CPU.Build.0 = Release|Any CPU
		{6E60F9DB-AF32-4AB8-97E2-BA980F60E4AA}.Debug|Any CPU.ActiveCfg = Debug|Any CPU
		{6E60F9DB-AF32-4AB8-97E2-BA980F60E4AA}.Debug|Any CPU.Build.0 = Debug|Any CPU
		{6E60F9DB-AF32-4AB8-97E2-BA980F60E4AA}.Release|Any CPU.ActiveCfg = Release|Any CPU
		{6E60F9DB-AF32-4AB8-97E2-BA980F60E4AA}.Release|Any CPU.Build.0 = Release|Any CPU
		{AEA9360B-F298-4337-8C88-7B742499C8BE}.Debug|Any CPU.ActiveCfg = Debug|Any CPU
		{AEA9360B-F298-4337-8C88-7B742499C8BE}.Debug|Any CPU.Build.0 = Debug|Any CPU
		{AEA9360B-F298-4337-8C88-7B742499C8BE}.Release|Any CPU.ActiveCfg = Release|Any CPU
		{AEA9360B-F298-4337-8C88-7B742499C8BE}.Release|Any CPU.Build.0 = Release|Any CPU
		{DF6A9535-2E44-45C9-AA3B-7EBCFC01B4B5}.Debug|Any CPU.ActiveCfg = Debug|Any CPU
		{DF6A9535-2E44-45C9-AA3B-7EBCFC01B4B5}.Debug|Any CPU.Build.0 = Debug|Any CPU
		{DF6A9535-2E44-45C9-AA3B-7EBCFC01B4B5}.Release|Any CPU.ActiveCfg = Release|Any CPU
		{DF6A9535-2E44-45C9-AA3B-7EBCFC01B4B5}.Release|Any CPU.Build.0 = Release|Any CPU
		{5992D8B1-FE98-4B57-8E60-3ACE304E9D00}.Debug|Any CPU.ActiveCfg = Debug|Any CPU
		{5992D8B1-FE98-4B57-8E60-3ACE304E9D00}.Debug|Any CPU.Build.0 = Debug|Any CPU
		{5992D8B1-FE98-4B57-8E60-3ACE304E9D00}.Release|Any CPU.ActiveCfg = Release|Any CPU
		{5992D8B1-FE98-4B57-8E60-3ACE304E9D00}.Release|Any CPU.Build.0 = Release|Any CPU
		{17371CDA-2413-4C7E-95CE-2A9E6B2D119E}.Debug|Any CPU.ActiveCfg = Debug|Any CPU
		{17371CDA-2413-4C7E-95CE-2A9E6B2D119E}.Debug|Any CPU.Build.0 = Debug|Any CPU
		{17371CDA-2413-4C7E-95CE-2A9E6B2D119E}.Release|Any CPU.ActiveCfg = Release|Any CPU
		{17371CDA-2413-4C7E-95CE-2A9E6B2D119E}.Release|Any CPU.Build.0 = Release|Any CPU
		{7B1E06C0-C2BB-47A0-88C5-82DC999261DC}.Debug|Any CPU.ActiveCfg = Debug|Any CPU
		{7B1E06C0-C2BB-47A0-88C5-82DC999261DC}.Debug|Any CPU.Build.0 = Debug|Any CPU
		{7B1E06C0-C2BB-47A0-88C5-82DC999261DC}.Release|Any CPU.ActiveCfg = Release|Any CPU
		{7B1E06C0-C2BB-47A0-88C5-82DC999261DC}.Release|Any CPU.Build.0 = Release|Any CPU
		{852BA385-A769-4346-B81A-3F9AF5B8DF24}.Debug|Any CPU.ActiveCfg = Debug|Any CPU
		{852BA385-A769-4346-B81A-3F9AF5B8DF24}.Debug|Any CPU.Build.0 = Debug|Any CPU
		{852BA385-A769-4346-B81A-3F9AF5B8DF24}.Release|Any CPU.ActiveCfg = Release|Any CPU
		{852BA385-A769-4346-B81A-3F9AF5B8DF24}.Release|Any CPU.Build.0 = Release|Any CPU
		{109639B1-6F25-47F0-9F61-136A1205FC7A}.Debug|Any CPU.ActiveCfg = Debug|Any CPU
		{109639B1-6F25-47F0-9F61-136A1205FC7A}.Debug|Any CPU.Build.0 = Debug|Any CPU
		{109639B1-6F25-47F0-9F61-136A1205FC7A}.Release|Any CPU.ActiveCfg = Release|Any CPU
		{109639B1-6F25-47F0-9F61-136A1205FC7A}.Release|Any CPU.Build.0 = Release|Any CPU
		{23520FD0-E6F1-4C3A-AE72-49A659649611}.Debug|Any CPU.ActiveCfg = Debug|Any CPU
		{23520FD0-E6F1-4C3A-AE72-49A659649611}.Debug|Any CPU.Build.0 = Debug|Any CPU
		{23520FD0-E6F1-4C3A-AE72-49A659649611}.Release|Any CPU.ActiveCfg = Release|Any CPU
		{23520FD0-E6F1-4C3A-AE72-49A659649611}.Release|Any CPU.Build.0 = Release|Any CPU
		{BCF92E08-F8FC-4D6E-A63F-189456CA5CB5}.Debug|Any CPU.ActiveCfg = Debug|Any CPU
		{BCF92E08-F8FC-4D6E-A63F-189456CA5CB5}.Debug|Any CPU.Build.0 = Debug|Any CPU
		{BCF92E08-F8FC-4D6E-A63F-189456CA5CB5}.Release|Any CPU.ActiveCfg = Release|Any CPU
		{BCF92E08-F8FC-4D6E-A63F-189456CA5CB5}.Release|Any CPU.Build.0 = Release|Any CPU
		{41858C11-206F-4961-91DB-6ECF900CA920}.Debug|Any CPU.ActiveCfg = Debug|Any CPU
		{41858C11-206F-4961-91DB-6ECF900CA920}.Debug|Any CPU.Build.0 = Debug|Any CPU
		{41858C11-206F-4961-91DB-6ECF900CA920}.Release|Any CPU.ActiveCfg = Release|Any CPU
		{41858C11-206F-4961-91DB-6ECF900CA920}.Release|Any CPU.Build.0 = Release|Any CPU
		{5C6DC027-37CA-480C-9865-1C5EDFBA64F1}.Debug|Any CPU.ActiveCfg = Debug|Any CPU
		{5C6DC027-37CA-480C-9865-1C5EDFBA64F1}.Debug|Any CPU.Build.0 = Debug|Any CPU
		{5C6DC027-37CA-480C-9865-1C5EDFBA64F1}.Release|Any CPU.ActiveCfg = Release|Any CPU
		{5C6DC027-37CA-480C-9865-1C5EDFBA64F1}.Release|Any CPU.Build.0 = Release|Any CPU
		{667BF923-B47B-4637-BDBA-4BDB3CA89057}.Debug|Any CPU.ActiveCfg = Debug|Any CPU
		{667BF923-B47B-4637-BDBA-4BDB3CA89057}.Debug|Any CPU.Build.0 = Debug|Any CPU
		{667BF923-B47B-4637-BDBA-4BDB3CA89057}.Release|Any CPU.ActiveCfg = Release|Any CPU
		{667BF923-B47B-4637-BDBA-4BDB3CA89057}.Release|Any CPU.Build.0 = Release|Any CPU
		{A0EA4A86-ACBD-4468-B9CF-1F53AACF12A0}.Debug|Any CPU.ActiveCfg = Debug|Any CPU
		{A0EA4A86-ACBD-4468-B9CF-1F53AACF12A0}.Debug|Any CPU.Build.0 = Debug|Any CPU
		{A0EA4A86-ACBD-4468-B9CF-1F53AACF12A0}.Release|Any CPU.ActiveCfg = Release|Any CPU
		{A0EA4A86-ACBD-4468-B9CF-1F53AACF12A0}.Release|Any CPU.Build.0 = Release|Any CPU
		{A5CB0184-B9B0-47BE-9198-12CCC91E1765}.Debug|Any CPU.ActiveCfg = Debug|Any CPU
		{A5CB0184-B9B0-47BE-9198-12CCC91E1765}.Debug|Any CPU.Build.0 = Debug|Any CPU
		{A5CB0184-B9B0-47BE-9198-12CCC91E1765}.Release|Any CPU.ActiveCfg = Release|Any CPU
		{A5CB0184-B9B0-47BE-9198-12CCC91E1765}.Release|Any CPU.Build.0 = Release|Any CPU
		{B823F31A-634E-4480-9078-37F34720964F}.Debug|Any CPU.ActiveCfg = Debug|Any CPU
		{B823F31A-634E-4480-9078-37F34720964F}.Debug|Any CPU.Build.0 = Debug|Any CPU
		{B823F31A-634E-4480-9078-37F34720964F}.Release|Any CPU.ActiveCfg = Release|Any CPU
		{B823F31A-634E-4480-9078-37F34720964F}.Release|Any CPU.Build.0 = Release|Any CPU
		{1C495334-DF99-4D46-9E30-952BED4E8E28}.Debug|Any CPU.ActiveCfg = Debug|Any CPU
		{1C495334-DF99-4D46-9E30-952BED4E8E28}.Debug|Any CPU.Build.0 = Debug|Any CPU
		{1C495334-DF99-4D46-9E30-952BED4E8E28}.Release|Any CPU.ActiveCfg = Release|Any CPU
		{1C495334-DF99-4D46-9E30-952BED4E8E28}.Release|Any CPU.Build.0 = Release|Any CPU
		{752A9636-16E6-40FD-8954-656BEA42EE5C}.Debug|Any CPU.ActiveCfg = Debug|Any CPU
		{752A9636-16E6-40FD-8954-656BEA42EE5C}.Debug|Any CPU.Build.0 = Debug|Any CPU
		{752A9636-16E6-40FD-8954-656BEA42EE5C}.Release|Any CPU.ActiveCfg = Release|Any CPU
		{752A9636-16E6-40FD-8954-656BEA42EE5C}.Release|Any CPU.Build.0 = Release|Any CPU
		{9C709CAE-DC9B-4CEC-B389-1BB1B6128F2B}.Debug|Any CPU.ActiveCfg = Debug|Any CPU
		{9C709CAE-DC9B-4CEC-B389-1BB1B6128F2B}.Debug|Any CPU.Build.0 = Debug|Any CPU
		{9C709CAE-DC9B-4CEC-B389-1BB1B6128F2B}.Release|Any CPU.ActiveCfg = Release|Any CPU
		{9C709CAE-DC9B-4CEC-B389-1BB1B6128F2B}.Release|Any CPU.Build.0 = Release|Any CPU
		{8FF8024A-F91C-4FBD-A4EF-BC69F8848F4A}.Debug|Any CPU.ActiveCfg = Debug|Any CPU
		{8FF8024A-F91C-4FBD-A4EF-BC69F8848F4A}.Debug|Any CPU.Build.0 = Debug|Any CPU
		{8FF8024A-F91C-4FBD-A4EF-BC69F8848F4A}.Release|Any CPU.ActiveCfg = Release|Any CPU
		{8FF8024A-F91C-4FBD-A4EF-BC69F8848F4A}.Release|Any CPU.Build.0 = Release|Any CPU
		{34BF1906-7EB9-444B-BD62-C861E414EAD9}.Debug|Any CPU.ActiveCfg = Debug|Any CPU
		{34BF1906-7EB9-444B-BD62-C861E414EAD9}.Debug|Any CPU.Build.0 = Debug|Any CPU
		{34BF1906-7EB9-444B-BD62-C861E414EAD9}.Release|Any CPU.ActiveCfg = Release|Any CPU
		{34BF1906-7EB9-444B-BD62-C861E414EAD9}.Release|Any CPU.Build.0 = Release|Any CPU
		{47925568-5E87-43A8-B58E-C8A592A81A5D}.Debug|Any CPU.ActiveCfg = Debug|Any CPU
		{47925568-5E87-43A8-B58E-C8A592A81A5D}.Debug|Any CPU.Build.0 = Debug|Any CPU
		{47925568-5E87-43A8-B58E-C8A592A81A5D}.Release|Any CPU.ActiveCfg = Release|Any CPU
		{47925568-5E87-43A8-B58E-C8A592A81A5D}.Release|Any CPU.Build.0 = Release|Any CPU
		{10947EC4-C4ED-427B-968A-63DB55A4EB60}.Debug|Any CPU.ActiveCfg = Debug|Any CPU
		{10947EC4-C4ED-427B-968A-63DB55A4EB60}.Debug|Any CPU.Build.0 = Debug|Any CPU
		{10947EC4-C4ED-427B-968A-63DB55A4EB60}.Release|Any CPU.ActiveCfg = Release|Any CPU
		{10947EC4-C4ED-427B-968A-63DB55A4EB60}.Release|Any CPU.Build.0 = Release|Any CPU
	EndGlobalSection
	GlobalSection(SolutionProperties) = preSolution
		HideSolutionNode = FALSE
	EndGlobalSection
	GlobalSection(NestedProjects) = preSolution
		{BCF92E08-F8FC-4D6E-A63F-189456CA5CB5} = {190D030D-691C-49F4-8761-2C76D36884F5}
		{41858C11-206F-4961-91DB-6ECF900CA920} = {190D030D-691C-49F4-8761-2C76D36884F5}
		{5C6DC027-37CA-480C-9865-1C5EDFBA64F1} = {190D030D-691C-49F4-8761-2C76D36884F5}
		{667BF923-B47B-4637-BDBA-4BDB3CA89057} = {190D030D-691C-49F4-8761-2C76D36884F5}
		{A0EA4A86-ACBD-4468-B9CF-1F53AACF12A0} = {190D030D-691C-49F4-8761-2C76D36884F5}
		{A5CB0184-B9B0-47BE-9198-12CCC91E1765} = {901E8373-DF72-4CB2-BBFF-7DA97FA3CBC8}
		{B823F31A-634E-4480-9078-37F34720964F} = {901E8373-DF72-4CB2-BBFF-7DA97FA3CBC8}
		{1C495334-DF99-4D46-9E30-952BED4E8E28} = {901E8373-DF72-4CB2-BBFF-7DA97FA3CBC8}
		{752A9636-16E6-40FD-8954-656BEA42EE5C} = {5193E0E9-A008-4B4E-80F0-34026698BEA9}
		{9C709CAE-DC9B-4CEC-B389-1BB1B6128F2B} = {5193E0E9-A008-4B4E-80F0-34026698BEA9}
		{8FF8024A-F91C-4FBD-A4EF-BC69F8848F4A} = {5193E0E9-A008-4B4E-80F0-34026698BEA9}
		{34BF1906-7EB9-444B-BD62-C861E414EAD9} = {5193E0E9-A008-4B4E-80F0-34026698BEA9}
		{47925568-5E87-43A8-B58E-C8A592A81A5D} = {5193E0E9-A008-4B4E-80F0-34026698BEA9}
		{10947EC4-C4ED-427B-968A-63DB55A4EB60} = {5193E0E9-A008-4B4E-80F0-34026698BEA9}
	EndGlobalSection
EndGlobal
