
Microsoft Visual Studio Solution File, Format Version 12.00
# Visual Studio 15
VisualStudioVersion = 15.0.27130.2010
MinimumVisualStudioVersion = 10.0.40219.1
Project("{FAE04EC0-301F-11D3-BF4B-00C04F79EFBC}") = "TestApp1", "TestApp1\TestApp1.csproj", "{99F84FE4-7466-474E-A2E9-09B39093F42A}"
EndProject
Project("{FAE04EC0-301F-11D3-BF4B-00C04F79EFBC}") = "4.Matching Brackets", "4.Matching Brackets\4.Matching Brackets.csproj", "{2F48E9D2-CD1A-44BE-B055-E50FE1015581}"
EndProject
Global
	GlobalSection(SolutionConfigurationPlatforms) = preSolution
		Debug|Any CPU = Debug|Any CPU
		Release|Any CPU = Release|Any CPU
	EndGlobalSection
	GlobalSection(ProjectConfigurationPlatforms) = postSolution
		{99F84FE4-7466-474E-A2E9-09B39093F42A}.Debug|Any CPU.ActiveCfg = Debug|Any CPU
		{99F84FE4-7466-474E-A2E9-09B39093F42A}.Debug|Any CPU.Build.0 = Debug|Any CPU
		{99F84FE4-7466-474E-A2E9-09B39093F42A}.Release|Any CPU.ActiveCfg = Release|Any CPU
		{99F84FE4-7466-474E-A2E9-09B39093F42A}.Release|Any CPU.Build.0 = Release|Any CPU
		{2F48E9D2-CD1A-44BE-B055-E50FE1015581}.Debug|Any CPU.ActiveCfg = Debug|Any CPU
		{2F48E9D2-CD1A-44BE-B055-E50FE1015581}.Debug|Any CPU.Build.0 = Debug|Any CPU
		{2F48E9D2-CD1A-44BE-B055-E50FE1015581}.Release|Any CPU.ActiveCfg = Release|Any CPU
		{2F48E9D2-CD1A-44BE-B055-E50FE1015581}.Release|Any CPU.Build.0 = Release|Any CPU
	EndGlobalSection
	GlobalSection(SolutionProperties) = preSolution
		HideSolutionNode = FALSE
	EndGlobalSection
	GlobalSection(ExtensibilityGlobals) = postSolution
		SolutionGuid = {C275E4C1-D732-4EFF-84E3-D43D73A2ABB2}
	EndGlobalSection
EndGlobal
