
Microsoft Visual Studio Solution File, Format Version 12.00
# Visual Studio 15
VisualStudioVersion = 15.0.27130.2024
MinimumVisualStudioVersion = 10.0.40219.1
Project("{9A19103F-16F7-4668-BE54-9A1E7A4F7556}") = "P01_Dangerous_Floot", "Dangerous_Floot\P01_Dangerous_Floot.csproj", "{EA6CFE73-6677-429B-89B7-25C384F2DB92}"
EndProject
Project("{9A19103F-16F7-4668-BE54-9A1E7A4F7556}") = "P02_Crypto_Master", "Crypto_Master\P02_Crypto_Master.csproj", "{FBC5C301-29A9-47DC-BD4A-34913470F193}"
EndProject
Project("{9A19103F-16F7-4668-BE54-9A1E7A4F7556}") = "P03_Greedy_Times", "Greedy_Times\P03_Greedy_Times.csproj", "{0E938073-FAB8-45E3-8F63-8B588D1EF796}"
EndProject
Project("{9A19103F-16F7-4668-BE54-9A1E7A4F7556}") = "P04_Treasure_Map", "Treasure_Map\P04_Treasure_Map.csproj", "{54733554-9DC2-481C-87C7-7846E2CBB28C}"
EndProject
Project("{FAE04EC0-301F-11D3-BF4B-00C04F79EFBC}") = "Hospital", "Hospital\Hospital.csproj", "{F7D2C70C-5D76-4E90-98D7-8EDF9A2CF44D}"
EndProject
Project("{FAE04EC0-301F-11D3-BF4B-00C04F79EFBC}") = "KeyRevolver", "KeyRevolver\KeyRevolver.csproj", "{78EFF1C4-20CD-4382-A393-EED0F3BBFEDC}"
EndProject
Project("{FAE04EC0-301F-11D3-BF4B-00C04F79EFBC}") = "Sneaking", "Sneaking\Sneaking.csproj", "{12171DCD-B3AF-4617-BB20-05EFA45DC19F}"
EndProject
Project("{FAE04EC0-301F-11D3-BF4B-00C04F79EFBC}") = "Crypto Blockchain", "Crypto Blockchain\Crypto Blockchain.csproj", "{603114F4-01FF-41A2-8DFA-227DC3933E71}"
EndProject
Project("{9A19103F-16F7-4668-BE54-9A1E7A4F7556}") = "HitList", "HitList\HitList.csproj", "{894EC75E-DDB2-488E-B71F-76A248C33CB1}"
EndProject
Project("{FAE04EC0-301F-11D3-BF4B-00C04F79EFBC}") = "CrossRoads", "CrossRoads\CrossRoads.csproj", "{CC4D65F2-6595-48A3-BBC0-EDB87E964093}"
EndProject
Project("{FAE04EC0-301F-11D3-BF4B-00C04F79EFBC}") = "MovieTime04", "MovieTime04\MovieTime04.csproj", "{4E8A950D-F20D-4A2A-964C-A62D713098C7}"
EndProject
Project("{FAE04EC0-301F-11D3-BF4B-00C04F79EFBC}") = "TicketTroubleREX", "TicketTroubleREX\TicketTroubleREX.csproj", "{917480BB-42F2-4967-B900-2A0E8A923A9E}"
EndProject
Project("{FAE04EC0-301F-11D3-BF4B-00C04F79EFBC}") = "ParkingFeudMTRX", "ParkingFeudMTRX\ParkingFeudMTRX.csproj", "{901192EA-EF58-4F75-8512-4B5336904D82}"
EndProject
Global
	GlobalSection(SolutionConfigurationPlatforms) = preSolution
		Debug|Any CPU = Debug|Any CPU
		Release|Any CPU = Release|Any CPU
	EndGlobalSection
	GlobalSection(ProjectConfigurationPlatforms) = postSolution
		{EA6CFE73-6677-429B-89B7-25C384F2DB92}.Debug|Any CPU.ActiveCfg = Debug|Any CPU
		{EA6CFE73-6677-429B-89B7-25C384F2DB92}.Debug|Any CPU.Build.0 = Debug|Any CPU
		{EA6CFE73-6677-429B-89B7-25C384F2DB92}.Release|Any CPU.ActiveCfg = Release|Any CPU
		{EA6CFE73-6677-429B-89B7-25C384F2DB92}.Release|Any CPU.Build.0 = Release|Any CPU
		{FBC5C301-29A9-47DC-BD4A-34913470F193}.Debug|Any CPU.ActiveCfg = Debug|Any CPU
		{FBC5C301-29A9-47DC-BD4A-34913470F193}.Debug|Any CPU.Build.0 = Debug|Any CPU
		{FBC5C301-29A9-47DC-BD4A-34913470F193}.Release|Any CPU.ActiveCfg = Release|Any CPU
		{FBC5C301-29A9-47DC-BD4A-34913470F193}.Release|Any CPU.Build.0 = Release|Any CPU
		{0E938073-FAB8-45E3-8F63-8B588D1EF796}.Debug|Any CPU.ActiveCfg = Debug|Any CPU
		{0E938073-FAB8-45E3-8F63-8B588D1EF796}.Debug|Any CPU.Build.0 = Debug|Any CPU
		{0E938073-FAB8-45E3-8F63-8B588D1EF796}.Release|Any CPU.ActiveCfg = Release|Any CPU
		{0E938073-FAB8-45E3-8F63-8B588D1EF796}.Release|Any CPU.Build.0 = Release|Any CPU
		{54733554-9DC2-481C-87C7-7846E2CBB28C}.Debug|Any CPU.ActiveCfg = Debug|Any CPU
		{54733554-9DC2-481C-87C7-7846E2CBB28C}.Debug|Any CPU.Build.0 = Debug|Any CPU
		{54733554-9DC2-481C-87C7-7846E2CBB28C}.Release|Any CPU.ActiveCfg = Release|Any CPU
		{54733554-9DC2-481C-87C7-7846E2CBB28C}.Release|Any CPU.Build.0 = Release|Any CPU
		{F7D2C70C-5D76-4E90-98D7-8EDF9A2CF44D}.Debug|Any CPU.ActiveCfg = Debug|Any CPU
		{F7D2C70C-5D76-4E90-98D7-8EDF9A2CF44D}.Debug|Any CPU.Build.0 = Debug|Any CPU
		{F7D2C70C-5D76-4E90-98D7-8EDF9A2CF44D}.Release|Any CPU.ActiveCfg = Release|Any CPU
		{F7D2C70C-5D76-4E90-98D7-8EDF9A2CF44D}.Release|Any CPU.Build.0 = Release|Any CPU
		{78EFF1C4-20CD-4382-A393-EED0F3BBFEDC}.Debug|Any CPU.ActiveCfg = Debug|Any CPU
		{78EFF1C4-20CD-4382-A393-EED0F3BBFEDC}.Debug|Any CPU.Build.0 = Debug|Any CPU
		{78EFF1C4-20CD-4382-A393-EED0F3BBFEDC}.Release|Any CPU.ActiveCfg = Release|Any CPU
		{78EFF1C4-20CD-4382-A393-EED0F3BBFEDC}.Release|Any CPU.Build.0 = Release|Any CPU
		{12171DCD-B3AF-4617-BB20-05EFA45DC19F}.Debug|Any CPU.ActiveCfg = Debug|Any CPU
		{12171DCD-B3AF-4617-BB20-05EFA45DC19F}.Debug|Any CPU.Build.0 = Debug|Any CPU
		{12171DCD-B3AF-4617-BB20-05EFA45DC19F}.Release|Any CPU.ActiveCfg = Release|Any CPU
		{12171DCD-B3AF-4617-BB20-05EFA45DC19F}.Release|Any CPU.Build.0 = Release|Any CPU
		{603114F4-01FF-41A2-8DFA-227DC3933E71}.Debug|Any CPU.ActiveCfg = Debug|Any CPU
		{603114F4-01FF-41A2-8DFA-227DC3933E71}.Debug|Any CPU.Build.0 = Debug|Any CPU
		{603114F4-01FF-41A2-8DFA-227DC3933E71}.Release|Any CPU.ActiveCfg = Release|Any CPU
		{603114F4-01FF-41A2-8DFA-227DC3933E71}.Release|Any CPU.Build.0 = Release|Any CPU
		{894EC75E-DDB2-488E-B71F-76A248C33CB1}.Debug|Any CPU.ActiveCfg = Debug|Any CPU
		{894EC75E-DDB2-488E-B71F-76A248C33CB1}.Debug|Any CPU.Build.0 = Debug|Any CPU
		{894EC75E-DDB2-488E-B71F-76A248C33CB1}.Release|Any CPU.ActiveCfg = Release|Any CPU
		{894EC75E-DDB2-488E-B71F-76A248C33CB1}.Release|Any CPU.Build.0 = Release|Any CPU
		{CC4D65F2-6595-48A3-BBC0-EDB87E964093}.Debug|Any CPU.ActiveCfg = Debug|Any CPU
		{CC4D65F2-6595-48A3-BBC0-EDB87E964093}.Debug|Any CPU.Build.0 = Debug|Any CPU
		{CC4D65F2-6595-48A3-BBC0-EDB87E964093}.Release|Any CPU.ActiveCfg = Release|Any CPU
		{CC4D65F2-6595-48A3-BBC0-EDB87E964093}.Release|Any CPU.Build.0 = Release|Any CPU
		{4E8A950D-F20D-4A2A-964C-A62D713098C7}.Debug|Any CPU.ActiveCfg = Debug|Any CPU
		{4E8A950D-F20D-4A2A-964C-A62D713098C7}.Debug|Any CPU.Build.0 = Debug|Any CPU
		{4E8A950D-F20D-4A2A-964C-A62D713098C7}.Release|Any CPU.ActiveCfg = Release|Any CPU
		{4E8A950D-F20D-4A2A-964C-A62D713098C7}.Release|Any CPU.Build.0 = Release|Any CPU
		{917480BB-42F2-4967-B900-2A0E8A923A9E}.Debug|Any CPU.ActiveCfg = Debug|Any CPU
		{917480BB-42F2-4967-B900-2A0E8A923A9E}.Debug|Any CPU.Build.0 = Debug|Any CPU
		{917480BB-42F2-4967-B900-2A0E8A923A9E}.Release|Any CPU.ActiveCfg = Release|Any CPU
		{917480BB-42F2-4967-B900-2A0E8A923A9E}.Release|Any CPU.Build.0 = Release|Any CPU
		{901192EA-EF58-4F75-8512-4B5336904D82}.Debug|Any CPU.ActiveCfg = Debug|Any CPU
		{901192EA-EF58-4F75-8512-4B5336904D82}.Debug|Any CPU.Build.0 = Debug|Any CPU
		{901192EA-EF58-4F75-8512-4B5336904D82}.Release|Any CPU.ActiveCfg = Release|Any CPU
		{901192EA-EF58-4F75-8512-4B5336904D82}.Release|Any CPU.Build.0 = Release|Any CPU
	EndGlobalSection
	GlobalSection(SolutionProperties) = preSolution
		HideSolutionNode = FALSE
	EndGlobalSection
	GlobalSection(ExtensibilityGlobals) = postSolution
		SolutionGuid = {D3A09701-F315-45E1-95B1-056E20974ADF}
	EndGlobalSection
EndGlobal
