
Microsoft Visual Studio Solution File, Format Version 12.00
# Visual Studio 15
VisualStudioVersion = 15.0.27130.2027
MinimumVisualStudioVersion = 10.0.40219.1
Project("{9A19103F-16F7-4668-BE54-9A1E7A4F7556}") = "0.GenericBox", "0. Generic Box\0.GenericBox.csproj", "{CE48C688-631C-4A26-8323-010051E7808A}"
EndProject
Global
	GlobalSection(SolutionConfigurationPlatforms) = preSolution
		Debug|Any CPU = Debug|Any CPU
		Release|Any CPU = Release|Any CPU
	EndGlobalSection
	GlobalSection(ProjectConfigurationPlatforms) = postSolution
		{CE48C688-631C-4A26-8323-010051E7808A}.Debug|Any CPU.ActiveCfg = Debug|Any CPU
		{CE48C688-631C-4A26-8323-010051E7808A}.Debug|Any CPU.Build.0 = Debug|Any CPU
		{CE48C688-631C-4A26-8323-010051E7808A}.Release|Any CPU.ActiveCfg = Release|Any CPU
		{CE48C688-631C-4A26-8323-010051E7808A}.Release|Any CPU.Build.0 = Release|Any CPU
	EndGlobalSection
	GlobalSection(SolutionProperties) = preSolution
		HideSolutionNode = FALSE
	EndGlobalSection
	GlobalSection(ExtensibilityGlobals) = postSolution
		SolutionGuid = {2EB69AA0-BCCE-48AB-9CF2-19817A25FA62}
	EndGlobalSection
EndGlobal
